
Microsoft Visual Studio Solution File, Format Version 12.00
# Visual Studio Version 16
VisualStudioVersion = 16.0.30517.126
MinimumVisualStudioVersion = 10.0.40219.1
Project("{9A19103F-16F7-4668-BE54-9A1E7A4F7556}") = "GitInfoTests", "GitInfoTests\GitInfoTests.csproj", "{545BC5AD-A0EB-4469-B5F4-0576EE65E06E}"
EndProject
Project("{9A19103F-16F7-4668-BE54-9A1E7A4F7556}") = "ParentLibrary", "ParentLibrary\ParentLibrary.csproj", "{2FE0E19B-EE2C-4B4A-8D7B-5A1FCFD46B43}"
EndProject
Project("{2150E333-8FDC-42A3-9474-1A3956D46DE8}") = "Solution Items", "Solution Items", "{65C3D8B0-E3C8-47FE-A214-7A44611A6580}"
	ProjectSection(SolutionItems) = preProject
		Directory.Build.props = Directory.Build.props
	EndProjectSection
EndProject
Global
	GlobalSection(SolutionConfigurationPlatforms) = preSolution
		Debug|Any CPU = Debug|Any CPU
		Release|Any CPU = Release|Any CPU
	EndGlobalSection
	GlobalSection(ProjectConfigurationPlatforms) = postSolution
		{545BC5AD-A0EB-4469-B5F4-0576EE65E06E}.Debug|Any CPU.ActiveCfg = Debug|Any CPU
		{545BC5AD-A0EB-4469-B5F4-0576EE65E06E}.Debug|Any CPU.Build.0 = Debug|Any CPU
		{545BC5AD-A0EB-4469-B5F4-0576EE65E06E}.Release|Any CPU.ActiveCfg = Release|Any CPU
		{545BC5AD-A0EB-4469-B5F4-0576EE65E06E}.Release|Any CPU.Build.0 = Release|Any CPU
		{2FE0E19B-EE2C-4B4A-8D7B-5A1FCFD46B43}.Debug|Any CPU.ActiveCfg = Debug|Any CPU
		{2FE0E19B-EE2C-4B4A-8D7B-5A1FCFD46B43}.Debug|Any CPU.Build.0 = Debug|Any CPU
		{2FE0E19B-EE2C-4B4A-8D7B-5A1FCFD46B43}.Release|Any CPU.ActiveCfg = Release|Any CPU
		{2FE0E19B-EE2C-4B4A-8D7B-5A1FCFD46B43}.Release|Any CPU.Build.0 = Release|Any CPU
	EndGlobalSection
	GlobalSection(SolutionProperties) = preSolution
		HideSolutionNode = FALSE
	EndGlobalSection
	GlobalSection(ExtensibilityGlobals) = postSolution
		SolutionGuid = {6CFDBD07-CD3A-426F-A56B-4CE46BC46A0B}
	EndGlobalSection
EndGlobal
